
Microsoft Visual Studio Solution File, Format Version 12.00
# Visual Studio 15
VisualStudioVersion = 15.0.26228.9
MinimumVisualStudioVersion = 10.0.40219.1
Project("{9A19103F-16F7-4668-BE54-9A1E7A4F7556}") = "Capture", "Capture\Capture.csproj", "{AD89ECED-4FBB-4390-9741-652DF3E3DD90}"
EndProject
Project("{9A19103F-16F7-4668-BE54-9A1E7A4F7556}") = "Display", "Display\Display.csproj", "{DC1DBA0C-347C-4207-8B4E-20E80D795FAF}"
EndProject
Project("{9A19103F-16F7-4668-BE54-9A1E7A4F7556}") = "Contracts", "Contracts\Contracts.csproj", "{8A195FCF-6B8C-4D70-BE47-CAC8785C969E}"
EndProject
Global
	GlobalSection(SolutionConfigurationPlatforms) = preSolution
		Debug|Any CPU = Debug|Any CPU
		Release|Any CPU = Release|Any CPU
	EndGlobalSection
	GlobalSection(ProjectConfigurationPlatforms) = postSolution
		{AD89ECED-4FBB-4390-9741-652DF3E3DD90}.Debug|Any CPU.ActiveCfg = Debug|Any CPU
		{AD89ECED-4FBB-4390-9741-652DF3E3DD90}.Debug|Any CPU.Build.0 = Debug|Any CPU
		{AD89ECED-4FBB-4390-9741-652DF3E3DD90}.Release|Any CPU.ActiveCfg = Release|Any CPU
		{AD89ECED-4FBB-4390-9741-652DF3E3DD90}.Release|Any CPU.Build.0 = Release|Any CPU
		{DC1DBA0C-347C-4207-8B4E-20E80D795FAF}.Debug|Any CPU.ActiveCfg = Debug|Any CPU
		{DC1DBA0C-347C-4207-8B4E-20E80D795FAF}.Debug|Any CPU.Build.0 = Debug|Any CPU
		{DC1DBA0C-347C-4207-8B4E-20E80D795FAF}.Release|Any CPU.ActiveCfg = Release|Any CPU
		{DC1DBA0C-347C-4207-8B4E-20E80D795FAF}.Release|Any CPU.Build.0 = Release|Any CPU
		{8A195FCF-6B8C-4D70-BE47-CAC8785C969E}.Debug|Any CPU.ActiveCfg = Debug|Any CPU
		{8A195FCF-6B8C-4D70-BE47-CAC8785C969E}.Debug|Any CPU.Build.0 = Debug|Any CPU
		{8A195FCF-6B8C-4D70-BE47-CAC8785C969E}.Release|Any CPU.ActiveCfg = Release|Any CPU
		{8A195FCF-6B8C-4D70-BE47-CAC8785C969E}.Release|Any CPU.Build.0 = Release|Any CPU
	EndGlobalSection
	GlobalSection(SolutionProperties) = preSolution
		HideSolutionNode = FALSE
	EndGlobalSection
EndGlobal
