
Microsoft Visual Studio Solution File, Format Version 12.00
# Visual Studio 15
VisualStudioVersion = 15.0.26228.9
MinimumVisualStudioVersion = 10.0.40219.1
Project("{2150E333-8FDC-42A3-9474-1A3956D46DE8}") = "Solution Items", "Solution Items", "{22A127EE-8DF7-4AA3-A3D3-D3222623A288}"
EndProject
Project("{9A19103F-16F7-4668-BE54-9A1E7A4F7556}") = "Connecting", "Connecting\Connecting.csproj", "{EF7BCAEF-95A1-49CC-9EAF-1C04F80B4EED}"
EndProject
Project("{9A19103F-16F7-4668-BE54-9A1E7A4F7556}") = "PublishSubscribe", "PublishSubscribe\PublishSubscribe.csproj", "{D0158F1D-EF9F-4A11-871C-3EE66C67ABB1}"
EndProject
Project("{9A19103F-16F7-4668-BE54-9A1E7A4F7556}") = "RequestResponse", "RequestResponse\RequestResponse.csproj", "{6ADA49E6-C39A-46FE-8FE7-AC37875EC86E}"
EndProject
Project("{9A19103F-16F7-4668-BE54-9A1E7A4F7556}") = "TopicBasedRouting", "TopicBasedRouting\TopicBasedRouting.csproj", "{B9EC8206-1546-4DE7-820E-60571ABC0817}"
EndProject
Global
	GlobalSection(SolutionConfigurationPlatforms) = preSolution
		Debug|Any CPU = Debug|Any CPU
		Release|Any CPU = Release|Any CPU
	EndGlobalSection
	GlobalSection(ProjectConfigurationPlatforms) = postSolution
		{EF7BCAEF-95A1-49CC-9EAF-1C04F80B4EED}.Debug|Any CPU.ActiveCfg = Debug|Any CPU
		{EF7BCAEF-95A1-49CC-9EAF-1C04F80B4EED}.Debug|Any CPU.Build.0 = Debug|Any CPU
		{EF7BCAEF-95A1-49CC-9EAF-1C04F80B4EED}.Release|Any CPU.ActiveCfg = Release|Any CPU
		{EF7BCAEF-95A1-49CC-9EAF-1C04F80B4EED}.Release|Any CPU.Build.0 = Release|Any CPU
		{D0158F1D-EF9F-4A11-871C-3EE66C67ABB1}.Debug|Any CPU.ActiveCfg = Debug|Any CPU
		{D0158F1D-EF9F-4A11-871C-3EE66C67ABB1}.Debug|Any CPU.Build.0 = Debug|Any CPU
		{D0158F1D-EF9F-4A11-871C-3EE66C67ABB1}.Release|Any CPU.ActiveCfg = Release|Any CPU
		{D0158F1D-EF9F-4A11-871C-3EE66C67ABB1}.Release|Any CPU.Build.0 = Release|Any CPU
		{6ADA49E6-C39A-46FE-8FE7-AC37875EC86E}.Debug|Any CPU.ActiveCfg = Debug|Any CPU
		{6ADA49E6-C39A-46FE-8FE7-AC37875EC86E}.Debug|Any CPU.Build.0 = Debug|Any CPU
		{6ADA49E6-C39A-46FE-8FE7-AC37875EC86E}.Release|Any CPU.ActiveCfg = Release|Any CPU
		{6ADA49E6-C39A-46FE-8FE7-AC37875EC86E}.Release|Any CPU.Build.0 = Release|Any CPU
		{B9EC8206-1546-4DE7-820E-60571ABC0817}.Debug|Any CPU.ActiveCfg = Debug|Any CPU
		{B9EC8206-1546-4DE7-820E-60571ABC0817}.Debug|Any CPU.Build.0 = Debug|Any CPU
		{B9EC8206-1546-4DE7-820E-60571ABC0817}.Release|Any CPU.ActiveCfg = Release|Any CPU
		{B9EC8206-1546-4DE7-820E-60571ABC0817}.Release|Any CPU.Build.0 = Release|Any CPU
	EndGlobalSection
	GlobalSection(SolutionProperties) = preSolution
		HideSolutionNode = FALSE
	EndGlobalSection
EndGlobal
